// !$*UTF8*$!
{
	archiveVersion = 1;
	classes = {
	};
	objectVersion = 50;
	objects = {

/* Begin PBXBuildFile section */
		9E4C1DC121FB59650024F4F6 /* AppDelegate.swift in Sources */ = {isa = PBXBuildFile; fileRef = 9E4C1DC021FB59650024F4F6 /* AppDelegate.swift */; };
		9E4C1DC321FB59650024F4F6 /* ViewController.swift in Sources */ = {isa = PBXBuildFile; fileRef = 9E4C1DC221FB59650024F4F6 /* ViewController.swift */; };
		9E4C1DC621FB59650024F4F6 /* Main.storyboard in Resources */ = {isa = PBXBuildFile; fileRef = 9E4C1DC421FB59650024F4F6 /* Main.storyboard */; };
		9E4C1DC821FB59670024F4F6 /* Assets.xcassets in Resources */ = {isa = PBXBuildFile; fileRef = 9E4C1DC721FB59670024F4F6 /* Assets.xcassets */; };
		9E4C1DCB21FB59670024F4F6 /* LaunchScreen.storyboard in Resources */ = {isa = PBXBuildFile; fileRef = 9E4C1DC921FB59670024F4F6 /* LaunchScreen.storyboard */; };
		9E4C1DD321FB59C30024F4F6 /* GenericTableViewController.swift in Sources */ = {isa = PBXBuildFile; fileRef = 9E4C1DD221FB59C30024F4F6 /* GenericTableViewController.swift */; };
		9E4C1DD521FB5E260024F4F6 /* Person.swift in Sources */ = {isa = PBXBuildFile; fileRef = 9E4C1DD421FB5E260024F4F6 /* Person.swift */; };
		9E4C1DD721FB5E4D0024F4F6 /* Film.swift in Sources */ = {isa = PBXBuildFile; fileRef = 9E4C1DD621FB5E4D0024F4F6 /* Film.swift */; };
/* End PBXBuildFile section */

/* Begin PBXFileReference section */
		9E4C1DBD21FB59650024F4F6 /* GenericTableViewProject.app */ = {isa = PBXFileReference; explicitFileType = wrapper.application; includeInIndex = 0; path = GenericTableViewProject.app; sourceTree = BUILT_PRODUCTS_DIR; };
		9E4C1DC021FB59650024F4F6 /* AppDelegate.swift */ = {isa = PBXFileReference; lastKnownFileType = sourcecode.swift; path = AppDelegate.swift; sourceTree = "<group>"; };
		9E4C1DC221FB59650024F4F6 /* ViewController.swift */ = {isa = PBXFileReference; lastKnownFileType = sourcecode.swift; path = ViewController.swift; sourceTree = "<group>"; };
		9E4C1DC521FB59650024F4F6 /* Base */ = {isa = PBXFileReference; lastKnownFileType = file.storyboard; name = Base; path = Base.lproj/Main.storyboard; sourceTree = "<group>"; };
		9E4C1DC721FB59670024F4F6 /* Assets.xcassets */ = {isa = PBXFileReference; lastKnownFileType = folder.assetcatalog; path = Assets.xcassets; sourceTree = "<group>"; };
		9E4C1DCA21FB59670024F4F6 /* Base */ = {isa = PBXFileReference; lastKnownFileType = file.storyboard; name = Base; path = Base.lproj/LaunchScreen.storyboard; sourceTree = "<group>"; };
		9E4C1DCC21FB59670024F4F6 /* Info.plist */ = {isa = PBXFileReference; lastKnownFileType = text.plist.xml; path = Info.plist; sourceTree = "<group>"; };
		9E4C1DD221FB59C30024F4F6 /* GenericTableViewController.swift */ = {isa = PBXFileReference; lastKnownFileType = sourcecode.swift; path = GenericTableViewController.swift; sourceTree = "<group>"; };
		9E4C1DD421FB5E260024F4F6 /* Person.swift */ = {isa = PBXFileReference; lastKnownFileType = sourcecode.swift; path = Person.swift; sourceTree = "<group>"; };
		9E4C1DD621FB5E4D0024F4F6 /* Film.swift */ = {isa = PBXFileReference; lastKnownFileType = sourcecode.swift; path = Film.swift; sourceTree = "<group>"; };
/* End PBXFileReference section */

/* Begin PBXFrameworksBuildPhase section */
		9E4C1DBA21FB59650024F4F6 /* Frameworks */ = {
			isa = PBXFrameworksBuildPhase;
			buildActionMask = 2147483647;
			files = (
			);
			runOnlyForDeploymentPostprocessing = 0;
		};
/* End PBXFrameworksBuildPhase section */

/* Begin PBXGroup section */
		9E4C1DB421FB59650024F4F6 = {
			isa = PBXGroup;
			children = (
				9E4C1DBF21FB59650024F4F6 /* GenericTableViewProject */,
				9E4C1DBE21FB59650024F4F6 /* Products */,
			);
			sourceTree = "<group>";
		};
		9E4C1DBE21FB59650024F4F6 /* Products */ = {
			isa = PBXGroup;
			children = (
				9E4C1DBD21FB59650024F4F6 /* GenericTableViewProject.app */,
			);
			name = Products;
			sourceTree = "<group>";
		};
		9E4C1DBF21FB59650024F4F6 /* GenericTableViewProject */ = {
			isa = PBXGroup;
			children = (
				9E4C1DC021FB59650024F4F6 /* AppDelegate.swift */,
				9E4C1DC221FB59650024F4F6 /* ViewController.swift */,
				9E4C1DC421FB59650024F4F6 /* Main.storyboard */,
				9E4C1DC721FB59670024F4F6 /* Assets.xcassets */,
				9E4C1DC921FB59670024F4F6 /* LaunchScreen.storyboard */,
				9E4C1DCC21FB59670024F4F6 /* Info.plist */,
				9E4C1DD221FB59C30024F4F6 /* GenericTableViewController.swift */,
				9E4C1DD421FB5E260024F4F6 /* Person.swift */,
				9E4C1DD621FB5E4D0024F4F6 /* Film.swift */,
			);
			path = GenericTableViewProject;
			sourceTree = "<group>";
		};
/* End PBXGroup section */

/* Begin PBXNativeTarget section */
		9E4C1DBC21FB59650024F4F6 /* GenericTableViewProject */ = {
			isa = PBXNativeTarget;
			buildConfigurationList = 9E4C1DCF21FB59670024F4F6 /* Build configuration list for PBXNativeTarget "GenericTableViewProject" */;
			buildPhases = (
				9E4C1DB921FB59650024F4F6 /* Sources */,
				9E4C1DBA21FB59650024F4F6 /* Frameworks */,
				9E4C1DBB21FB59650024F4F6 /* Resources */,
			);
			buildRules = (
			);
			dependencies = (
			);
			name = GenericTableViewProject;
			productName = GenericTableViewProject;
			productReference = 9E4C1DBD21FB59650024F4F6 /* GenericTableViewProject.app */;
			productType = "com.apple.product-type.application";
		};
/* End PBXNativeTarget section */

/* Begin PBXProject section */
		9E4C1DB521FB59650024F4F6 /* Project object */ = {
			isa = PBXProject;
			attributes = {
				LastSwiftUpdateCheck = 1010;
				LastUpgradeCheck = 1010;
				ORGANIZATIONNAME = "Bruno Lopes de Mello";
				TargetAttributes = {
					9E4C1DBC21FB59650024F4F6 = {
						CreatedOnToolsVersion = 10.1;
					};
				};
			};
			buildConfigurationList = 9E4C1DB821FB59650024F4F6 /* Build configuration list for PBXProject "GenericTableViewProject" */;
			compatibilityVersion = "Xcode 9.3";
			developmentRegion = en;
			hasScannedForEncodings = 0;
			knownRegions = (
				en,
				Base,
			);
			mainGroup = 9E4C1DB421FB59650024F4F6;
			productRefGroup = 9E4C1DBE21FB59650024F4F6 /* Products */;
			projectDirPath = "";
			projectRoot = "";
			targets = (
				9E4C1DBC21FB59650024F4F6 /* GenericTableViewProject */,
			);
		};
/* End PBXProject section */

/* Begin PBXResourcesBuildPhase section */
		9E4C1DBB21FB59650024F4F6 /* Resources */ = {
			isa = PBXResourcesBuildPhase;
			buildActionMask = 2147483647;
			files = (
				9E4C1DCB21FB59670024F4F6 /* LaunchScreen.storyboard in Resources */,
				9E4C1DC821FB59670024F4F6 /* Assets.xcassets in Resources */,
				9E4C1DC621FB59650024F4F6 /* Main.storyboard in Resources */,
			);
			runOnlyForDeploymentPostprocessing = 0;
		};
/* End PBXResourcesBuildPhase section */

/* Begin PBXSourcesBuildPhase section */
		9E4C1DB921FB59650024F4F6 /* Sources */ = {
			isa = PBXSourcesBuildPhase;
			buildActionMask = 2147483647;
			files = (
				9E4C1DD721FB5E4D0024F4F6 /* Film.swift in Sources */,
				9E4C1DC321FB59650024F4F6 /* ViewController.swift in Sources */,
				9E4C1DD321FB59C30024F4F6 /* GenericTableViewController.swift in Sources */,
				9E4C1DD521FB5E260024F4F6 /* Person.swift in Sources */,
				9E4C1DC121FB59650024F4F6 /* AppDelegate.swift in Sources */,
			);
			runOnlyForDeploymentPostprocessing = 0;
		};
/* End PBXSourcesBuildPhase section */

/* Begin PBXVariantGroup section */
		9E4C1DC421FB59650024F4F6 /* Main.storyboard */ = {
			isa = PBXVariantGroup;
			children = (
				9E4C1DC521FB59650024F4F6 /* Base */,
			);
			name = Main.storyboard;
			sourceTree = "<group>";
		};
		9E4C1DC921FB59670024F4F6 /* LaunchScreen.storyboard */ = {
			isa = PBXVariantGroup;
			children = (
				9E4C1DCA21FB59670024F4F6 /* Base */,
			);
			name = LaunchScreen.storyboard;
			sourceTree = "<group>";
		};
/* End PBXVariantGroup section */

/* Begin XCBuildConfiguration section */
		9E4C1DCD21FB59670024F4F6 /* Debug */ = {
			isa = XCBuildConfiguration;
			buildSettings = {
				ALWAYS_SEARCH_USER_PATHS = NO;
				CLANG_ANALYZER_NONNULL = YES;
				CLANG_ANALYZER_NUMBER_OBJECT_CONVERSION = YES_AGGRESSIVE;
				CLANG_CXX_LANGUAGE_STANDARD = "gnu++14";
				CLANG_CXX_LIBRARY = "libc++";
				CLANG_ENABLE_MODULES = YES;
				CLANG_ENABLE_OBJC_ARC = YES;
				CLANG_ENABLE_OBJC_WEAK = YES;
				CLANG_WARN_BLOCK_CAPTURE_AUTORELEASING = YES;
				CLANG_WARN_BOOL_CONVERSION = YES;
				CLANG_WARN_COMMA = YES;
				CLANG_WARN_CONSTANT_CONVERSION = YES;
				CLANG_WARN_DEPRECATED_OBJC_IMPLEMENTATIONS = YES;
				CLANG_WARN_DIRECT_OBJC_ISA_USAGE = YES_ERROR;
				CLANG_WARN_DOCUMENTATION_COMMENTS = YES;
				CLANG_WARN_EMPTY_BODY = YES;
				CLANG_WARN_ENUM_CONVERSION = YES;
				CLANG_WARN_INFINITE_RECURSION = YES;
				CLANG_WARN_INT_CONVERSION = YES;
				CLANG_WARN_NON_LITERAL_NULL_CONVERSION = YES;
				CLANG_WARN_OBJC_IMPLICIT_RETAIN_SELF = YES;
				CLANG_WARN_OBJC_LITERAL_CONVERSION = YES;
				CLANG_WARN_OBJC_ROOT_CLASS = YES_ERROR;
				CLANG_WARN_RANGE_LOOP_ANALYSIS = YES;
				CLANG_WARN_STRICT_PROTOTYPES = YES;
				CLANG_WARN_SUSPICIOUS_MOVE = YES;
				CLANG_WARN_UNGUARDED_AVAILABILITY = YES_AGGRESSIVE;
				CLANG_WARN_UNREACHABLE_CODE = YES;
				CLANG_WARN__DUPLICATE_METHOD_MATCH = YES;
				CODE_SIGN_IDENTITY = "iPhone Developer";
				COPY_PHASE_STRIP = NO;
				DEBUG_INFORMATION_FORMAT = dwarf;
				ENABLE_STRICT_OBJC_MSGSEND = YES;
				ENABLE_TESTABILITY = YES;
				GCC_C_LANGUAGE_STANDARD = gnu11;
				GCC_DYNAMIC_NO_PIC = NO;
				GCC_NO_COMMON_BLOCKS = YES;
				GCC_OPTIMIZATION_LEVEL = 0;
				GCC_PREPROCESSOR_DEFINITIONS = (
					"DEBUG=1",
					"$(inherited)",
				);
				GCC_WARN_64_TO_32_BIT_CONVERSION = YES;
				GCC_WARN_ABOUT_RETURN_TYPE = YES_ERROR;
				GCC_WARN_UNDECLARED_SELECTOR = YES;
				GCC_WARN_UNINITIALIZED_AUTOS = YES_AGGRESSIVE;
				GCC_WARN_UNUSED_FUNCTION = YES;
				GCC_WARN_UNUSED_VARIABLE = YES;
				IPHONEOS_DEPLOYMENT_TARGET = 12.1;
				MTL_ENABLE_DEBUG_INFO = INCLUDE_SOURCE;
				MTL_FAST_MATH = YES;
				ONLY_ACTIVE_ARCH = YES;
				SDKROOT = iphoneos;
				SWIFT_ACTIVE_COMPILATION_CONDITIONS = DEBUG;
				SWIFT_OPTIMIZATION_LEVEL = "-Onone";
			};
			name = Debug;
		};
		9E4C1DCE21FB59670024F4F6 /* Release */ = {
			isa = XCBuildConfiguration;
			buildSettings = {
				ALWAYS_SEARCH_USER_PATHS = NO;
				CLANG_ANALYZER_NONNULL = YES;
				CLANG_ANALYZER_NUMBER_OBJECT_CONVERSION = YES_AGGRESSIVE;
				CLANG_CXX_LANGUAGE_STANDARD = "gnu++14";
				CLANG_CXX_LIBRARY = "libc++";
				CLANG_ENABLE_MODULES = YES;
				CLANG_ENABLE_OBJC_ARC = YES;
				CLANG_ENABLE_OBJC_WEAK = YES;
				CLANG_WARN_BLOCK_CAPTURE_AUTORELEASING = YES;
				CLANG_WARN_BOOL_CONVERSION = YES;
				CLANG_WARN_COMMA = YES;
				CLANG_WARN_CONSTANT_CONVERSION = YES;
				CLANG_WARN_DEPRECATED_OBJC_IMPLEMENTATIONS = YES;
				CLANG_WARN_DIRECT_OBJC_ISA_USAGE = YES_ERROR;
				CLANG_WARN_DOCUMENTATION_COMMENTS = YES;
				CLANG_WARN_EMPTY_BODY = YES;
				CLANG_WARN_ENUM_CONVERSION = YES;
				CLANG_WARN_INFINITE_RECURSION = YES;
				CLANG_WARN_INT_CONVERSION = YES;
				CLANG_WARN_NON_LITERAL_NULL_CONVERSION = YES;
				CLANG_WARN_OBJC_IMPLICIT_RETAIN_SELF = YES;
				CLANG_WARN_OBJC_LITERAL_CONVERSION = YES;
				CLANG_WARN_OBJC_ROOT_CLASS = YES_ERROR;
				CLANG_WARN_RANGE_LOOP_ANALYSIS = YES;
				CLANG_WARN_STRICT_PROTOTYPES = YES;
				CLANG_WARN_SUSPICIOUS_MOVE = YES;
				CLANG_WARN_UNGUARDED_AVAILABILITY = YES_AGGRESSIVE;
				CLANG_WARN_UNREACHABLE_CODE = YES;
				CLANG_WARN__DUPLICATE_METHOD_MATCH = YES;
				CODE_SIGN_IDENTITY = "iPhone Developer";
				COPY_PHASE_STRIP = NO;
				DEBUG_INFORMATION_FORMAT = "dwarf-with-dsym";
				ENABLE_NS_ASSERTIONS = NO;
				ENABLE_STRICT_OBJC_MSGSEND = YES;
				GCC_C_LANGUAGE_STANDARD = gnu11;
				GCC_NO_COMMON_BLOCKS = YES;
				GCC_WARN_64_TO_32_BIT_CONVERSION = YES;
				GCC_WARN_ABOUT_RETURN_TYPE = YES_ERROR;
				GCC_WARN_UNDECLARED_SELECTOR = YES;
				GCC_WARN_UNINITIALIZED_AUTOS = YES_AGGRESSIVE;
				GCC_WARN_UNUSED_FUNCTION = YES;
				GCC_WARN_UNUSED_VARIABLE = YES;
				IPHONEOS_DEPLOYMENT_TARGET = 12.1;
				MTL_ENABLE_DEBUG_INFO = NO;
				MTL_FAST_MATH = YES;
				SDKROOT = iphoneos;
				SWIFT_COMPILATION_MODE = wholemodule;
				SWIFT_OPTIMIZATION_LEVEL = "-O";
				VALIDATE_PRODUCT = YES;
			};
			name = Release;
		};
		9E4C1DD021FB59670024F4F6 /* Debug */ = {
			isa = XCBuildConfiguration;
			buildSettings = {
				ASSETCATALOG_COMPILER_APPICON_NAME = AppIcon;
				CODE_SIGN_STYLE = Automatic;
				DEVELOPMENT_TEAM = RDTR6557FX;
				INFOPLIST_FILE = GenericTableViewProject/Info.plist;
				LD_RUNPATH_SEARCH_PATHS = (
					"$(inherited)",
					"@executable_path/Frameworks",
				);
				PRODUCT_BUNDLE_IDENTIFIER = com.brunolopes.GenericTableViewProject;
				PRODUCT_NAME = "$(TARGET_NAME)";
				SWIFT_VERSION = 4.2;
				TARGETED_DEVICE_FAMILY = "1,2";
			};
			name = Debug;
		};
		9E4C1DD121FB59670024F4F6 /* Release */ = {
			isa = XCBuildConfiguration;
			buildSettings = {
				ASSETCATALOG_COMPILER_APPICON_NAME = AppIcon;
				CODE_SIGN_STYLE = Automatic;
				DEVELOPMENT_TEAM = RDTR6557FX;
				INFOPLIST_FILE = GenericTableViewProject/Info.plist;
				LD_RUNPATH_SEARCH_PATHS = (
					"$(inherited)",
					"@executable_path/Frameworks",
				);
				PRODUCT_BUNDLE_IDENTIFIER = com.brunolopes.GenericTableViewProject;
				PRODUCT_NAME = "$(TARGET_NAME)";
				SWIFT_VERSION = 4.2;
				TARGETED_DEVICE_FAMILY = "1,2";
			};
			name = Release;
		};
/* End XCBuildConfiguration section */

/* Begin XCConfigurationList section */
		9E4C1DB821FB59650024F4F6 /* Build configuration list for PBXProject "GenericTableViewProject" */ = {
			isa = XCConfigurationList;
			buildConfigurations = (
				9E4C1DCD21FB59670024F4F6 /* Debug */,
				9E4C1DCE21FB59670024F4F6 /* Release */,
			);
			defaultConfigurationIsVisible = 0;
			defaultConfigurationName = Release;
		};
		9E4C1DCF21FB59670024F4F6 /* Build configuration list for PBXNativeTarget "GenericTableViewProject" */ = {
			isa = XCConfigurationList;
			buildConfigurations = (
				9E4C1DD021FB59670024F4F6 /* Debug */,
				9E4C1DD121FB59670024F4F6 /* Release */,
			);
			defaultConfigurationIsVisible = 0;
			defaultConfigurationName = Release;
		};
/* End XCConfigurationList section */
	};
	rootObject = 9E4C1DB521FB59650024F4F6 /* Project object */;
}
